
Microsoft Visual Studio Solution File, Format Version 12.00
# Visual Studio Version 17
VisualStudioVersion = 17.7.34024.191
MinimumVisualStudioVersion = 10.0.40219.1
Project("{9A19103F-16F7-4668-BE54-9A1E7A4F7556}") = "GestorDeTareas", "GestorDeTareas\GestorDeTareas.csproj", "{FA1B2E1B-D788-4288-A4B7-9DB1248255CF}"
EndProject
Project("{9A19103F-16F7-4668-BE54-9A1E7A4F7556}") = "SistemaDeReservas", "SistemaDeReservas\SistemaDeReservas.csproj", "{F7251FC0-1E99-473B-8960-C9F0372D2D12}"
EndProject
Project("{9A19103F-16F7-4668-BE54-9A1E7A4F7556}") = "NotificacionesApp", "NotificacionesApp\NotificacionesApp.csproj", "{5BAA7D67-796F-46D0-9DCE-B49D6BD0B94F}"
EndProject
Project("{9A19103F-16F7-4668-BE54-9A1E7A4F7556}") = "NotasRapidasApp", "NotasRapidasApp\NotasRapidasApp.csproj", "{40DB0C1E-D195-46C4-B057-CFDD8077E059}"
EndProject
Project("{FAE04EC0-301F-11D3-BF4B-00C04F79EFBC}") = "ReservaHabitacionApp", "ReservaHabitacionApp\ReservaHabitacionApp.csproj", "{32ADC407-F983-4B6E-B360-739E29AB6CC3}"
EndProject
Global
	GlobalSection(SolutionConfigurationPlatforms) = preSolution
		Debug|Any CPU = Debug|Any CPU
		Release|Any CPU = Release|Any CPU
	EndGlobalSection
	GlobalSection(ProjectConfigurationPlatforms) = postSolution
		{FA1B2E1B-D788-4288-A4B7-9DB1248255CF}.Debug|Any CPU.ActiveCfg = Debug|Any CPU
		{FA1B2E1B-D788-4288-A4B7-9DB1248255CF}.Debug|Any CPU.Build.0 = Debug|Any CPU
		{FA1B2E1B-D788-4288-A4B7-9DB1248255CF}.Release|Any CPU.ActiveCfg = Release|Any CPU
		{FA1B2E1B-D788-4288-A4B7-9DB1248255CF}.Release|Any CPU.Build.0 = Release|Any CPU
		{F7251FC0-1E99-473B-8960-C9F0372D2D12}.Debug|Any CPU.ActiveCfg = Debug|Any CPU
		{F7251FC0-1E99-473B-8960-C9F0372D2D12}.Debug|Any CPU.Build.0 = Debug|Any CPU
		{F7251FC0-1E99-473B-8960-C9F0372D2D12}.Release|Any CPU.ActiveCfg = Release|Any CPU
		{F7251FC0-1E99-473B-8960-C9F0372D2D12}.Release|Any CPU.Build.0 = Release|Any CPU
		{5BAA7D67-796F-46D0-9DCE-B49D6BD0B94F}.Debug|Any CPU.ActiveCfg = Debug|Any CPU
		{5BAA7D67-796F-46D0-9DCE-B49D6BD0B94F}.Debug|Any CPU.Build.0 = Debug|Any CPU
		{5BAA7D67-796F-46D0-9DCE-B49D6BD0B94F}.Release|Any CPU.ActiveCfg = Release|Any CPU
		{5BAA7D67-796F-46D0-9DCE-B49D6BD0B94F}.Release|Any CPU.Build.0 = Release|Any CPU
		{40DB0C1E-D195-46C4-B057-CFDD8077E059}.Debug|Any CPU.ActiveCfg = Debug|Any CPU
		{40DB0C1E-D195-46C4-B057-CFDD8077E059}.Debug|Any CPU.Build.0 = Debug|Any CPU
		{40DB0C1E-D195-46C4-B057-CFDD8077E059}.Release|Any CPU.ActiveCfg = Release|Any CPU
		{40DB0C1E-D195-46C4-B057-CFDD8077E059}.Release|Any CPU.Build.0 = Release|Any CPU
		{32ADC407-F983-4B6E-B360-739E29AB6CC3}.Debug|Any CPU.ActiveCfg = Debug|Any CPU
		{32ADC407-F983-4B6E-B360-739E29AB6CC3}.Debug|Any CPU.Build.0 = Debug|Any CPU
		{32ADC407-F983-4B6E-B360-739E29AB6CC3}.Release|Any CPU.ActiveCfg = Release|Any CPU
		{32ADC407-F983-4B6E-B360-739E29AB6CC3}.Release|Any CPU.Build.0 = Release|Any CPU
	EndGlobalSection
	GlobalSection(SolutionProperties) = preSolution
		HideSolutionNode = FALSE
	EndGlobalSection
	GlobalSection(ExtensibilityGlobals) = postSolution
		SolutionGuid = {F8E21F40-B94A-4BAF-A818-C3B70B502EF2}
	EndGlobalSection
EndGlobal
